github.com/periaate/blume v0.0.8 h1:uUD2FgBXo6zRoMEAyaDl63NEt7ozfedaLbqdC3ExFAk=
github.com/periaate/blume v0.0.8/go.mod h1:LcH+SnY++TgwT/grYN5GQNLlq6NN9Of+bTgZhxR3QWs=
github.com/periaate/blume v0.0.9 h1:BSaJ6mH5KFtzgeHs7Qj1aO41NlzqctD318zbpOIVR/M=
github.com/periaate/blume v0.0.9/go.mod h1:LcH+SnY++TgwT/grYN5GQNLlq6NN9Of+bTgZhxR3QWs=
github.com/periaate/blume v0.0.10 h1:upnaRSoqYodlnqgH2WrPUJbpcHzGaCt1ohtOTQ07ip4=
github.com/periaate/blume v0.0.10/go.mod h1:LcH+SnY++TgwT/grYN5GQNLlq6NN9Of+bTgZhxR3QWs=
